
Microsoft Visual Studio Solution File, Format Version 12.00
# Visual Studio Version 16
VisualStudioVersion = 16.0.31213.239
MinimumVisualStudioVersion = 10.0.40219.1
Project("{9A19103F-16F7-4668-BE54-9A1E7A4F7556}") = "SampleApp", "SampleApp\SampleApp.csproj", "{EC30F39F-EC6B-4662-8343-067998BB3367}"
EndProject
Project("{9A19103F-16F7-4668-BE54-9A1E7A4F7556}") = "BlazorBindGen", "BlazorBindGen\BlazorBindGen.csproj", "{985898E2-D92C-477C-BE5B-8F91F6263D7A}"
EndProject
Global
	GlobalSection(SolutionConfigurationPlatforms) = preSolution
		Debug|Any CPU = Debug|Any CPU
		Release|Any CPU = Release|Any CPU
	EndGlobalSection
	GlobalSection(ProjectConfigurationPlatforms) = postSolution
		{EC30F39F-EC6B-4662-8343-067998BB3367}.Debug|Any CPU.ActiveCfg = Debug|Any CPU
		{EC30F39F-EC6B-4662-8343-067998BB3367}.Debug|Any CPU.Build.0 = Debug|Any CPU
		{EC30F39F-EC6B-4662-8343-067998BB3367}.Release|Any CPU.ActiveCfg = Release|Any CPU
		{EC30F39F-EC6B-4662-8343-067998BB3367}.Release|Any CPU.Build.0 = Release|Any CPU
		{985898E2-D92C-477C-BE5B-8F91F6263D7A}.Debug|Any CPU.ActiveCfg = Debug|Any CPU
		{985898E2-D92C-477C-BE5B-8F91F6263D7A}.Debug|Any CPU.Build.0 = Debug|Any CPU
		{985898E2-D92C-477C-BE5B-8F91F6263D7A}.Release|Any CPU.ActiveCfg = Release|Any CPU
		{985898E2-D92C-477C-BE5B-8F91F6263D7A}.Release|Any CPU.Build.0 = Release|Any CPU
	EndGlobalSection
	GlobalSection(SolutionProperties) = preSolution
		HideSolutionNode = FALSE
	EndGlobalSection
	GlobalSection(ExtensibilityGlobals) = postSolution
		SolutionGuid = {7AC5F0A8-5595-424F-856D-77D375E7D244}
	EndGlobalSection
EndGlobal
